
Microsoft Visual Studio Solution File, Format Version 12.00
# Visual Studio Version 17
VisualStudioVersion = 17.3.32929.385
MinimumVisualStudioVersion = 10.0.40219.1
Project("{FAE04EC0-301F-11D3-BF4B-00C04F79EFBC}") = "MySongsWebApp", "MySongsWebApp\MySongsWebApp.csproj", "{DD9F31DF-2E3C-4F3D-9E25-8E1BF6AADF92}"
EndProject
Global
	GlobalSection(SolutionConfigurationPlatforms) = preSolution
		Debug|Any CPU = Debug|Any CPU
		Release|Any CPU = Release|Any CPU
	EndGlobalSection
	GlobalSection(ProjectConfigurationPlatforms) = postSolution
		{DD9F31DF-2E3C-4F3D-9E25-8E1BF6AADF92}.Debug|Any CPU.ActiveCfg = Debug|Any CPU
		{DD9F31DF-2E3C-4F3D-9E25-8E1BF6AADF92}.Debug|Any CPU.Build.0 = Debug|Any CPU
		{DD9F31DF-2E3C-4F3D-9E25-8E1BF6AADF92}.Release|Any CPU.ActiveCfg = Release|Any CPU
		{DD9F31DF-2E3C-4F3D-9E25-8E1BF6AADF92}.Release|Any CPU.Build.0 = Release|Any CPU
	EndGlobalSection
	GlobalSection(SolutionProperties) = preSolution
		HideSolutionNode = FALSE
	EndGlobalSection
	GlobalSection(ExtensibilityGlobals) = postSolution
		SolutionGuid = {D3642140-1465-4821-BB44-D78AE3D39676}
	EndGlobalSection
EndGlobal
