
Microsoft Visual Studio Solution File, Format Version 12.00
# Visual Studio Version 17
VisualStudioVersion = 17.3.32929.385
MinimumVisualStudioVersion = 10.0.40219.1
Project("{9A19103F-16F7-4668-BE54-9A1E7A4F7556}") = "MySongsWebApp", "MySongsWebApp\MySongsWebApp.csproj", "{DD9F31DF-2E3C-4F3D-9E25-8E1BF6AADF92}"
EndProject
Project("{9A19103F-16F7-4668-BE54-9A1E7A4F7556}") = "TestMySongs", "TestMySongs\TestMySongs.csproj", "{727F86C1-40D1-467A-AB45-B0A20E8DB8CF}"
EndProject
Project("{9A19103F-16F7-4668-BE54-9A1E7A4F7556}") = "MySongs.DAL", "MySongs.DAL\MySongs.DAL.csproj", "{B46B0CF9-A503-4FB8-B2AB-F21C01E3DA69}"
EndProject
Project("{9A19103F-16F7-4668-BE54-9A1E7A4F7556}") = "MySongs.BLL", "MySongs.BLL\MySongs.BLL.csproj", "{C5B1835A-2CB3-4FEF-A296-EE12862362FF}"
EndProject
Project("{2150E333-8FDC-42A3-9474-1A3956D46DE8}") = "libraries", "libraries", "{B6D5DC6B-6BE6-4806-8013-4C36561208ED}"
EndProject
Project("{9A19103F-16F7-4668-BE54-9A1E7A4F7556}") = "MySongs.DependencyInjection", "MySongs.DependencyInjection\MySongs.DependencyInjection.csproj", "{37C3D25A-22DF-433B-B6D7-28882425FCFC}"
EndProject
Project("{FAE04EC0-301F-11D3-BF4B-00C04F79EFBC}") = "MySongsApi", "MySongsApi\MySongsApi.csproj", "{10BCF1E1-166E-49ED-915D-BEF1FD446A79}"
EndProject
Global
	GlobalSection(SolutionConfigurationPlatforms) = preSolution
		Debug|Any CPU = Debug|Any CPU
		Release|Any CPU = Release|Any CPU
	EndGlobalSection
	GlobalSection(ProjectConfigurationPlatforms) = postSolution
		{DD9F31DF-2E3C-4F3D-9E25-8E1BF6AADF92}.Debug|Any CPU.ActiveCfg = Debug|Any CPU
		{DD9F31DF-2E3C-4F3D-9E25-8E1BF6AADF92}.Debug|Any CPU.Build.0 = Debug|Any CPU
		{DD9F31DF-2E3C-4F3D-9E25-8E1BF6AADF92}.Release|Any CPU.ActiveCfg = Release|Any CPU
		{DD9F31DF-2E3C-4F3D-9E25-8E1BF6AADF92}.Release|Any CPU.Build.0 = Release|Any CPU
		{727F86C1-40D1-467A-AB45-B0A20E8DB8CF}.Debug|Any CPU.ActiveCfg = Debug|Any CPU
		{727F86C1-40D1-467A-AB45-B0A20E8DB8CF}.Debug|Any CPU.Build.0 = Debug|Any CPU
		{727F86C1-40D1-467A-AB45-B0A20E8DB8CF}.Release|Any CPU.ActiveCfg = Release|Any CPU
		{727F86C1-40D1-467A-AB45-B0A20E8DB8CF}.Release|Any CPU.Build.0 = Release|Any CPU
		{B46B0CF9-A503-4FB8-B2AB-F21C01E3DA69}.Debug|Any CPU.ActiveCfg = Debug|Any CPU
		{B46B0CF9-A503-4FB8-B2AB-F21C01E3DA69}.Debug|Any CPU.Build.0 = Debug|Any CPU
		{B46B0CF9-A503-4FB8-B2AB-F21C01E3DA69}.Release|Any CPU.ActiveCfg = Release|Any CPU
		{B46B0CF9-A503-4FB8-B2AB-F21C01E3DA69}.Release|Any CPU.Build.0 = Release|Any CPU
		{C5B1835A-2CB3-4FEF-A296-EE12862362FF}.Debug|Any CPU.ActiveCfg = Debug|Any CPU
		{C5B1835A-2CB3-4FEF-A296-EE12862362FF}.Debug|Any CPU.Build.0 = Debug|Any CPU
		{C5B1835A-2CB3-4FEF-A296-EE12862362FF}.Release|Any CPU.ActiveCfg = Release|Any CPU
		{C5B1835A-2CB3-4FEF-A296-EE12862362FF}.Release|Any CPU.Build.0 = Release|Any CPU
		{37C3D25A-22DF-433B-B6D7-28882425FCFC}.Debug|Any CPU.ActiveCfg = Debug|Any CPU
		{37C3D25A-22DF-433B-B6D7-28882425FCFC}.Debug|Any CPU.Build.0 = Debug|Any CPU
		{37C3D25A-22DF-433B-B6D7-28882425FCFC}.Release|Any CPU.ActiveCfg = Release|Any CPU
		{37C3D25A-22DF-433B-B6D7-28882425FCFC}.Release|Any CPU.Build.0 = Release|Any CPU
		{10BCF1E1-166E-49ED-915D-BEF1FD446A79}.Debug|Any CPU.ActiveCfg = Debug|Any CPU
		{10BCF1E1-166E-49ED-915D-BEF1FD446A79}.Debug|Any CPU.Build.0 = Debug|Any CPU
		{10BCF1E1-166E-49ED-915D-BEF1FD446A79}.Release|Any CPU.ActiveCfg = Release|Any CPU
		{10BCF1E1-166E-49ED-915D-BEF1FD446A79}.Release|Any CPU.Build.0 = Release|Any CPU
	EndGlobalSection
	GlobalSection(SolutionProperties) = preSolution
		HideSolutionNode = FALSE
	EndGlobalSection
	GlobalSection(NestedProjects) = preSolution
		{B46B0CF9-A503-4FB8-B2AB-F21C01E3DA69} = {B6D5DC6B-6BE6-4806-8013-4C36561208ED}
		{C5B1835A-2CB3-4FEF-A296-EE12862362FF} = {B6D5DC6B-6BE6-4806-8013-4C36561208ED}
		{37C3D25A-22DF-433B-B6D7-28882425FCFC} = {B6D5DC6B-6BE6-4806-8013-4C36561208ED}
	EndGlobalSection
	GlobalSection(ExtensibilityGlobals) = postSolution
		SolutionGuid = {D3642140-1465-4821-BB44-D78AE3D39676}
	EndGlobalSection
EndGlobal
